// !$*UTF8*$!
{
	archiveVersion = 1;
	classes = {
	};
	objectVersion = 56;
	objects = {

/* Begin PBXBuildFile section */
		F8B7EF842A825C8100C098CD /* AppDelegate.swift in Sources */ = {isa = PBXBuildFile; fileRef = F8B7EF832A825C8100C098CD /* AppDelegate.swift */; };
		F8B7EF862A825C8100C098CD /* SceneDelegate.swift in Sources */ = {isa = PBXBuildFile; fileRef = F8B7EF852A825C8100C098CD /* SceneDelegate.swift */; };
		F8B7EF882A825C8100C098CD /* ViewController.swift in Sources */ = {isa = PBXBuildFile; fileRef = F8B7EF872A825C8100C098CD /* ViewController.swift */; };
		F8B7EF8B2A825C8100C098CD /* Main.storyboard in Resources */ = {isa = PBXBuildFile; fileRef = F8B7EF892A825C8100C098CD /* Main.storyboard */; };
		F8B7EF8D2A825C8200C098CD /* Assets.xcassets in Resources */ = {isa = PBXBuildFile; fileRef = F8B7EF8C2A825C8200C098CD /* Assets.xcassets */; };
		F8B7EF902A825C8200C098CD /* LaunchScreen.storyboard in Resources */ = {isa = PBXBuildFile; fileRef = F8B7EF8E2A825C8200C098CD /* LaunchScreen.storyboard */; };
		F8B7EF992A825D8300C098CD /* DataSourceBehaviorProtocol.swift in Sources */ = {isa = PBXBuildFile; fileRef = F8B7EF982A825D8300C098CD /* DataSourceBehaviorProtocol.swift */; };
		F8B7EF9D2A825DEE00C098CD /* DomainModel.swift in Sources */ = {isa = PBXBuildFile; fileRef = F8B7EF9C2A825DEE00C098CD /* DomainModel.swift */; };
		F8B7EFA02A825E9F00C098CD /* CoreDataSourceBehavior.swift in Sources */ = {isa = PBXBuildFile; fileRef = F8B7EF9F2A825E9F00C098CD /* CoreDataSourceBehavior.swift */; };
		F8B7EFA22A825EAF00C098CD /* MemoryDataSourceBehavior.swift in Sources */ = {isa = PBXBuildFile; fileRef = F8B7EFA12A825EAF00C098CD /* MemoryDataSourceBehavior.swift */; };
		F8B7EFA42A825EBF00C098CD /* RealmDataSourceBehavior.swift in Sources */ = {isa = PBXBuildFile; fileRef = F8B7EFA32A825EBF00C098CD /* RealmDataSourceBehavior.swift */; };
		F8B7EFA62A825F7500C098CD /* UserModel.swift in Sources */ = {isa = PBXBuildFile; fileRef = F8B7EFA52A825F7500C098CD /* UserModel.swift */; };
		F8B7EFA82A8261AC00C098CD /* ListController.swift in Sources */ = {isa = PBXBuildFile; fileRef = F8B7EFA72A8261AC00C098CD /* ListController.swift */; };
/* End PBXBuildFile section */

/* Begin PBXFileReference section */
		F8B7EF802A825C8100C098CD /* Strategy_Pattern.app */ = {isa = PBXFileReference; explicitFileType = wrapper.application; includeInIndex = 0; path = Strategy_Pattern.app; sourceTree = BUILT_PRODUCTS_DIR; };
		F8B7EF832A825C8100C098CD /* AppDelegate.swift */ = {isa = PBXFileReference; lastKnownFileType = sourcecode.swift; path = AppDelegate.swift; sourceTree = "<group>"; };
		F8B7EF852A825C8100C098CD /* SceneDelegate.swift */ = {isa = PBXFileReference; lastKnownFileType = sourcecode.swift; path = SceneDelegate.swift; sourceTree = "<group>"; };
		F8B7EF872A825C8100C098CD /* ViewController.swift */ = {isa = PBXFileReference; lastKnownFileType = sourcecode.swift; path = ViewController.swift; sourceTree = "<group>"; };
		F8B7EF8A2A825C8100C098CD /* Base */ = {isa = PBXFileReference; lastKnownFileType = file.storyboard; name = Base; path = Base.lproj/Main.storyboard; sourceTree = "<group>"; };
		F8B7EF8C2A825C8200C098CD /* Assets.xcassets */ = {isa = PBXFileReference; lastKnownFileType = folder.assetcatalog; path = Assets.xcassets; sourceTree = "<group>"; };
		F8B7EF8F2A825C8200C098CD /* Base */ = {isa = PBXFileReference; lastKnownFileType = file.storyboard; name = Base; path = Base.lproj/LaunchScreen.storyboard; sourceTree = "<group>"; };
		F8B7EF912A825C8200C098CD /* Info.plist */ = {isa = PBXFileReference; lastKnownFileType = text.plist.xml; path = Info.plist; sourceTree = "<group>"; };
		F8B7EF982A825D8300C098CD /* DataSourceBehaviorProtocol.swift */ = {isa = PBXFileReference; lastKnownFileType = sourcecode.swift; path = DataSourceBehaviorProtocol.swift; sourceTree = "<group>"; };
		F8B7EF9C2A825DEE00C098CD /* DomainModel.swift */ = {isa = PBXFileReference; lastKnownFileType = sourcecode.swift; path = DomainModel.swift; sourceTree = "<group>"; };
		F8B7EF9F2A825E9F00C098CD /* CoreDataSourceBehavior.swift */ = {isa = PBXFileReference; lastKnownFileType = sourcecode.swift; path = CoreDataSourceBehavior.swift; sourceTree = "<group>"; };
		F8B7EFA12A825EAF00C098CD /* MemoryDataSourceBehavior.swift */ = {isa = PBXFileReference; lastKnownFileType = sourcecode.swift; path = MemoryDataSourceBehavior.swift; sourceTree = "<group>"; };
		F8B7EFA32A825EBF00C098CD /* RealmDataSourceBehavior.swift */ = {isa = PBXFileReference; lastKnownFileType = sourcecode.swift; path = RealmDataSourceBehavior.swift; sourceTree = "<group>"; };
		F8B7EFA52A825F7500C098CD /* UserModel.swift */ = {isa = PBXFileReference; lastKnownFileType = sourcecode.swift; path = UserModel.swift; sourceTree = "<group>"; };
		F8B7EFA72A8261AC00C098CD /* ListController.swift */ = {isa = PBXFileReference; lastKnownFileType = sourcecode.swift; path = ListController.swift; sourceTree = "<group>"; };
/* End PBXFileReference section */

/* Begin PBXFrameworksBuildPhase section */
		F8B7EF7D2A825C8100C098CD /* Frameworks */ = {
			isa = PBXFrameworksBuildPhase;
			buildActionMask = 2147483647;
			files = (
			);
			runOnlyForDeploymentPostprocessing = 0;
		};
/* End PBXFrameworksBuildPhase section */

/* Begin PBXGroup section */
		F8B7EF772A825C8000C098CD = {
			isa = PBXGroup;
			children = (
				F8B7EF822A825C8100C098CD /* Strategy_Pattern */,
				F8B7EF812A825C8100C098CD /* Products */,
			);
			sourceTree = "<group>";
		};
		F8B7EF812A825C8100C098CD /* Products */ = {
			isa = PBXGroup;
			children = (
				F8B7EF802A825C8100C098CD /* Strategy_Pattern.app */,
			);
			name = Products;
			sourceTree = "<group>";
		};
		F8B7EF822A825C8100C098CD /* Strategy_Pattern */ = {
			isa = PBXGroup;
			children = (
				F8B7EF972A825C8C00C098CD /* ExampleOfPattern */,
				F8B7EF832A825C8100C098CD /* AppDelegate.swift */,
				F8B7EF852A825C8100C098CD /* SceneDelegate.swift */,
				F8B7EF872A825C8100C098CD /* ViewController.swift */,
				F8B7EF892A825C8100C098CD /* Main.storyboard */,
				F8B7EF8C2A825C8200C098CD /* Assets.xcassets */,
				F8B7EF8E2A825C8200C098CD /* LaunchScreen.storyboard */,
				F8B7EF912A825C8200C098CD /* Info.plist */,
			);
			path = Strategy_Pattern;
			sourceTree = "<group>";
		};
		F8B7EF972A825C8C00C098CD /* ExampleOfPattern */ = {
			isa = PBXGroup;
			children = (
				F8B7EF9B2A825DDC00C098CD /* Model */,
				F8B7EF9A2A825DD300C098CD /* Protocol */,
				F8B7EFA72A8261AC00C098CD /* ListController.swift */,
			);
			path = ExampleOfPattern;
			sourceTree = "<group>";
		};
		F8B7EF9A2A825DD300C098CD /* Protocol */ = {
			isa = PBXGroup;
			children = (
				F8B7EF982A825D8300C098CD /* DataSourceBehaviorProtocol.swift */,
				F8B7EF9E2A825E7D00C098CD /* BehaviorOfDataSource */,
			);
			path = Protocol;
			sourceTree = "<group>";
		};
		F8B7EF9B2A825DDC00C098CD /* Model */ = {
			isa = PBXGroup;
			children = (
				F8B7EF9C2A825DEE00C098CD /* DomainModel.swift */,
				F8B7EFA52A825F7500C098CD /* UserModel.swift */,
			);
			path = Model;
			sourceTree = "<group>";
		};
		F8B7EF9E2A825E7D00C098CD /* BehaviorOfDataSource */ = {
			isa = PBXGroup;
			children = (
				F8B7EF9F2A825E9F00C098CD /* CoreDataSourceBehavior.swift */,
				F8B7EFA12A825EAF00C098CD /* MemoryDataSourceBehavior.swift */,
				F8B7EFA32A825EBF00C098CD /* RealmDataSourceBehavior.swift */,
			);
			path = "\U0010BehaviorOfDataSource";
			sourceTree = "<group>";
		};
/* End PBXGroup section */

/* Begin PBXNativeTarget section */
		F8B7EF7F2A825C8100C098CD /* Strategy_Pattern */ = {
			isa = PBXNativeTarget;
			buildConfigurationList = F8B7EF942A825C8200C098CD /* Build configuration list for PBXNativeTarget "Strategy_Pattern" */;
			buildPhases = (
				F8B7EF7C2A825C8100C098CD /* Sources */,
				F8B7EF7D2A825C8100C098CD /* Frameworks */,
				F8B7EF7E2A825C8100C098CD /* Resources */,
			);
			buildRules = (
			);
			dependencies = (
			);
			name = Strategy_Pattern;
			productName = Strategy_Pattern;
			productReference = F8B7EF802A825C8100C098CD /* Strategy_Pattern.app */;
			productType = "com.apple.product-type.application";
		};
/* End PBXNativeTarget section */

/* Begin PBXProject section */
		F8B7EF782A825C8000C098CD /* Project object */ = {
			isa = PBXProject;
			attributes = {
				BuildIndependentTargetsInParallel = 1;
				LastSwiftUpdateCheck = 1420;
				LastUpgradeCheck = 1420;
				TargetAttributes = {
					F8B7EF7F2A825C8100C098CD = {
						CreatedOnToolsVersion = 14.2;
					};
				};
			};
			buildConfigurationList = F8B7EF7B2A825C8000C098CD /* Build configuration list for PBXProject "Strategy_Pattern" */;
			compatibilityVersion = "Xcode 14.0";
			developmentRegion = en;
			hasScannedForEncodings = 0;
			knownRegions = (
				en,
				Base,
			);
			mainGroup = F8B7EF772A825C8000C098CD;
			productRefGroup = F8B7EF812A825C8100C098CD /* Products */;
			projectDirPath = "";
			projectRoot = "";
			targets = (
				F8B7EF7F2A825C8100C098CD /* Strategy_Pattern */,
			);
		};
/* End PBXProject section */

/* Begin PBXResourcesBuildPhase section */
		F8B7EF7E2A825C8100C098CD /* Resources */ = {
			isa = PBXResourcesBuildPhase;
			buildActionMask = 2147483647;
			files = (
				F8B7EF902A825C8200C098CD /* LaunchScreen.storyboard in Resources */,
				F8B7EF8D2A825C8200C098CD /* Assets.xcassets in Resources */,
				F8B7EF8B2A825C8100C098CD /* Main.storyboard in Resources */,
			);
			runOnlyForDeploymentPostprocessing = 0;
		};
/* End PBXResourcesBuildPhase section */

/* Begin PBXSourcesBuildPhase section */
		F8B7EF7C2A825C8100C098CD /* Sources */ = {
			isa = PBXSourcesBuildPhase;
			buildActionMask = 2147483647;
			files = (
				F8B7EF882A825C8100C098CD /* ViewController.swift in Sources */,
				F8B7EFA82A8261AC00C098CD /* ListController.swift in Sources */,
				F8B7EFA02A825E9F00C098CD /* CoreDataSourceBehavior.swift in Sources */,
				F8B7EFA22A825EAF00C098CD /* MemoryDataSourceBehavior.swift in Sources */,
				F8B7EF842A825C8100C098CD /* AppDelegate.swift in Sources */,
				F8B7EFA42A825EBF00C098CD /* RealmDataSourceBehavior.swift in Sources */,
				F8B7EF9D2A825DEE00C098CD /* DomainModel.swift in Sources */,
				F8B7EF992A825D8300C098CD /* DataSourceBehaviorProtocol.swift in Sources */,
				F8B7EFA62A825F7500C098CD /* UserModel.swift in Sources */,
				F8B7EF862A825C8100C098CD /* SceneDelegate.swift in Sources */,
			);
			runOnlyForDeploymentPostprocessing = 0;
		};
/* End PBXSourcesBuildPhase section */

/* Begin PBXVariantGroup section */
		F8B7EF892A825C8100C098CD /* Main.storyboard */ = {
			isa = PBXVariantGroup;
			children = (
				F8B7EF8A2A825C8100C098CD /* Base */,
			);
			name = Main.storyboard;
			sourceTree = "<group>";
		};
		F8B7EF8E2A825C8200C098CD /* LaunchScreen.storyboard */ = {
			isa = PBXVariantGroup;
			children = (
				F8B7EF8F2A825C8200C098CD /* Base */,
			);
			name = LaunchScreen.storyboard;
			sourceTree = "<group>";
		};
/* End PBXVariantGroup section */

/* Begin XCBuildConfiguration section */
		F8B7EF922A825C8200C098CD /* Debug */ = {
			isa = XCBuildConfiguration;
			buildSettings = {
				ALWAYS_SEARCH_USER_PATHS = NO;
				CLANG_ANALYZER_NONNULL = YES;
				CLANG_ANALYZER_NUMBER_OBJECT_CONVERSION = YES_AGGRESSIVE;
				CLANG_CXX_LANGUAGE_STANDARD = "gnu++20";
				CLANG_ENABLE_MODULES = YES;
				CLANG_ENABLE_OBJC_ARC = YES;
				CLANG_ENABLE_OBJC_WEAK = YES;
				CLANG_WARN_BLOCK_CAPTURE_AUTORELEASING = YES;
				CLANG_WARN_BOOL_CONVERSION = YES;
				CLANG_WARN_COMMA = YES;
				CLANG_WARN_CONSTANT_CONVERSION = YES;
				CLANG_WARN_DEPRECATED_OBJC_IMPLEMENTATIONS = YES;
				CLANG_WARN_DIRECT_OBJC_ISA_USAGE = YES_ERROR;
				CLANG_WARN_DOCUMENTATION_COMMENTS = YES;
				CLANG_WARN_EMPTY_BODY = YES;
				CLANG_WARN_ENUM_CONVERSION = YES;
				CLANG_WARN_INFINITE_RECURSION = YES;
				CLANG_WARN_INT_CONVERSION = YES;
				CLANG_WARN_NON_LITERAL_NULL_CONVERSION = YES;
				CLANG_WARN_OBJC_IMPLICIT_RETAIN_SELF = YES;
				CLANG_WARN_OBJC_LITERAL_CONVERSION = YES;
				CLANG_WARN_OBJC_ROOT_CLASS = YES_ERROR;
				CLANG_WARN_QUOTED_INCLUDE_IN_FRAMEWORK_HEADER = YES;
				CLANG_WARN_RANGE_LOOP_ANALYSIS = YES;
				CLANG_WARN_STRICT_PROTOTYPES = YES;
				CLANG_WARN_SUSPICIOUS_MOVE = YES;
				CLANG_WARN_UNGUARDED_AVAILABILITY = YES_AGGRESSIVE;
				CLANG_WARN_UNREACHABLE_CODE = YES;
				CLANG_WARN__DUPLICATE_METHOD_MATCH = YES;
				COPY_PHASE_STRIP = NO;
				DEBUG_INFORMATION_FORMAT = dwarf;
				ENABLE_STRICT_OBJC_MSGSEND = YES;
				ENABLE_TESTABILITY = YES;
				GCC_C_LANGUAGE_STANDARD = gnu11;
				GCC_DYNAMIC_NO_PIC = NO;
				GCC_NO_COMMON_BLOCKS = YES;
				GCC_OPTIMIZATION_LEVEL = 0;
				GCC_PREPROCESSOR_DEFINITIONS = (
					"DEBUG=1",
					"$(inherited)",
				);
				GCC_WARN_64_TO_32_BIT_CONVERSION = YES;
				GCC_WARN_ABOUT_RETURN_TYPE = YES_ERROR;
				GCC_WARN_UNDECLARED_SELECTOR = YES;
				GCC_WARN_UNINITIALIZED_AUTOS = YES_AGGRESSIVE;
				GCC_WARN_UNUSED_FUNCTION = YES;
				GCC_WARN_UNUSED_VARIABLE = YES;
				IPHONEOS_DEPLOYMENT_TARGET = 16.2;
				MTL_ENABLE_DEBUG_INFO = INCLUDE_SOURCE;
				MTL_FAST_MATH = YES;
				ONLY_ACTIVE_ARCH = YES;
				SDKROOT = iphoneos;
				SWIFT_ACTIVE_COMPILATION_CONDITIONS = DEBUG;
				SWIFT_OPTIMIZATION_LEVEL = "-Onone";
			};
			name = Debug;
		};
		F8B7EF932A825C8200C098CD /* Release */ = {
			isa = XCBuildConfiguration;
			buildSettings = {
				ALWAYS_SEARCH_USER_PATHS = NO;
				CLANG_ANALYZER_NONNULL = YES;
				CLANG_ANALYZER_NUMBER_OBJECT_CONVERSION = YES_AGGRESSIVE;
				CLANG_CXX_LANGUAGE_STANDARD = "gnu++20";
				CLANG_ENABLE_MODULES = YES;
				CLANG_ENABLE_OBJC_ARC = YES;
				CLANG_ENABLE_OBJC_WEAK = YES;
				CLANG_WARN_BLOCK_CAPTURE_AUTORELEASING = YES;
				CLANG_WARN_BOOL_CONVERSION = YES;
				CLANG_WARN_COMMA = YES;
				CLANG_WARN_CONSTANT_CONVERSION = YES;
				CLANG_WARN_DEPRECATED_OBJC_IMPLEMENTATIONS = YES;
				CLANG_WARN_DIRECT_OBJC_ISA_USAGE = YES_ERROR;
				CLANG_WARN_DOCUMENTATION_COMMENTS = YES;
				CLANG_WARN_EMPTY_BODY = YES;
				CLANG_WARN_ENUM_CONVERSION = YES;
				CLANG_WARN_INFINITE_RECURSION = YES;
				CLANG_WARN_INT_CONVERSION = YES;
				CLANG_WARN_NON_LITERAL_NULL_CONVERSION = YES;
				CLANG_WARN_OBJC_IMPLICIT_RETAIN_SELF = YES;
				CLANG_WARN_OBJC_LITERAL_CONVERSION = YES;
				CLANG_WARN_OBJC_ROOT_CLASS = YES_ERROR;
				CLANG_WARN_QUOTED_INCLUDE_IN_FRAMEWORK_HEADER = YES;
				CLANG_WARN_RANGE_LOOP_ANALYSIS = YES;
				CLANG_WARN_STRICT_PROTOTYPES = YES;
				CLANG_WARN_SUSPICIOUS_MOVE = YES;
				CLANG_WARN_UNGUARDED_AVAILABILITY = YES_AGGRESSIVE;
				CLANG_WARN_UNREACHABLE_CODE = YES;
				CLANG_WARN__DUPLICATE_METHOD_MATCH = YES;
				COPY_PHASE_STRIP = NO;
				DEBUG_INFORMATION_FORMAT = "dwarf-with-dsym";
				ENABLE_NS_ASSERTIONS = NO;
				ENABLE_STRICT_OBJC_MSGSEND = YES;
				GCC_C_LANGUAGE_STANDARD = gnu11;
				GCC_NO_COMMON_BLOCKS = YES;
				GCC_WARN_64_TO_32_BIT_CONVERSION = YES;
				GCC_WARN_ABOUT_RETURN_TYPE = YES_ERROR;
				GCC_WARN_UNDECLARED_SELECTOR = YES;
				GCC_WARN_UNINITIALIZED_AUTOS = YES_AGGRESSIVE;
				GCC_WARN_UNUSED_FUNCTION = YES;
				GCC_WARN_UNUSED_VARIABLE = YES;
				IPHONEOS_DEPLOYMENT_TARGET = 16.2;
				MTL_ENABLE_DEBUG_INFO = NO;
				MTL_FAST_MATH = YES;
				SDKROOT = iphoneos;
				SWIFT_COMPILATION_MODE = wholemodule;
				SWIFT_OPTIMIZATION_LEVEL = "-O";
				VALIDATE_PRODUCT = YES;
			};
			name = Release;
		};
		F8B7EF952A825C8200C098CD /* Debug */ = {
			isa = XCBuildConfiguration;
			buildSettings = {
				ASSETCATALOG_COMPILER_APPICON_NAME = AppIcon;
				ASSETCATALOG_COMPILER_GLOBAL_ACCENT_COLOR_NAME = AccentColor;
				CODE_SIGN_STYLE = Automatic;
				CURRENT_PROJECT_VERSION = 1;
				DEVELOPMENT_TEAM = M8S29G9Z3W;
				GENERATE_INFOPLIST_FILE = YES;
				INFOPLIST_FILE = Strategy_Pattern/Info.plist;
				INFOPLIST_KEY_UIApplicationSupportsIndirectInputEvents = YES;
				INFOPLIST_KEY_UILaunchStoryboardName = LaunchScreen;
				INFOPLIST_KEY_UIMainStoryboardFile = Main;
				INFOPLIST_KEY_UISupportedInterfaceOrientations_iPad = "UIInterfaceOrientationPortrait UIInterfaceOrientationPortraitUpsideDown UIInterfaceOrientationLandscapeLeft UIInterfaceOrientationLandscapeRight";
				INFOPLIST_KEY_UISupportedInterfaceOrientations_iPhone = "UIInterfaceOrientationPortrait UIInterfaceOrientationLandscapeLeft UIInterfaceOrientationLandscapeRight";
				LD_RUNPATH_SEARCH_PATHS = (
					"$(inherited)",
					"@executable_path/Frameworks",
				);
				MARKETING_VERSION = 1.0;
				PRODUCT_BUNDLE_IDENTIFIER = "SwiftUi.oday.Strategy-Pattern";
				PRODUCT_NAME = "$(TARGET_NAME)";
				SWIFT_EMIT_LOC_STRINGS = YES;
				SWIFT_VERSION = 5.0;
				TARGETED_DEVICE_FAMILY = "1,2";
			};
			name = Debug;
		};
		F8B7EF962A825C8200C098CD /* Release */ = {
			isa = XCBuildConfiguration;
			buildSettings = {
				ASSETCATALOG_COMPILER_APPICON_NAME = AppIcon;
				ASSETCATALOG_COMPILER_GLOBAL_ACCENT_COLOR_NAME = AccentColor;
				CODE_SIGN_STYLE = Automatic;
				CURRENT_PROJECT_VERSION = 1;
				DEVELOPMENT_TEAM = M8S29G9Z3W;
				GENERATE_INFOPLIST_FILE = YES;
				INFOPLIST_FILE = Strategy_Pattern/Info.plist;
				INFOPLIST_KEY_UIApplicationSupportsIndirectInputEvents = YES;
				INFOPLIST_KEY_UILaunchStoryboardName = LaunchScreen;
				INFOPLIST_KEY_UIMainStoryboardFile = Main;
				INFOPLIST_KEY_UISupportedInterfaceOrientations_iPad = "UIInterfaceOrientationPortrait UIInterfaceOrientationPortraitUpsideDown UIInterfaceOrientationLandscapeLeft UIInterfaceOrientationLandscapeRight";
				INFOPLIST_KEY_UISupportedInterfaceOrientations_iPhone = "UIInterfaceOrientationPortrait UIInterfaceOrientationLandscapeLeft UIInterfaceOrientationLandscapeRight";
				LD_RUNPATH_SEARCH_PATHS = (
					"$(inherited)",
					"@executable_path/Frameworks",
				);
				MARKETING_VERSION = 1.0;
				PRODUCT_BUNDLE_IDENTIFIER = "SwiftUi.oday.Strategy-Pattern";
				PRODUCT_NAME = "$(TARGET_NAME)";
				SWIFT_EMIT_LOC_STRINGS = YES;
				SWIFT_VERSION = 5.0;
				TARGETED_DEVICE_FAMILY = "1,2";
			};
			name = Release;
		};
/* End XCBuildConfiguration section */

/* Begin XCConfigurationList section */
		F8B7EF7B2A825C8000C098CD /* Build configuration list for PBXProject "Strategy_Pattern" */ = {
			isa = XCConfigurationList;
			buildConfigurations = (
				F8B7EF922A825C8200C098CD /* Debug */,
				F8B7EF932A825C8200C098CD /* Release */,
			);
			defaultConfigurationIsVisible = 0;
			defaultConfigurationName = Release;
		};
		F8B7EF942A825C8200C098CD /* Build configuration list for PBXNativeTarget "Strategy_Pattern" */ = {
			isa = XCConfigurationList;
			buildConfigurations = (
				F8B7EF952A825C8200C098CD /* Debug */,
				F8B7EF962A825C8200C098CD /* Release */,
			);
			defaultConfigurationIsVisible = 0;
			defaultConfigurationName = Release;
		};
/* End XCConfigurationList section */
	};
	rootObject = F8B7EF782A825C8000C098CD /* Project object */;
}
